
Microsoft Visual Studio Solution File, Format Version 12.00
# Visual Studio Version 17
VisualStudioVersion = 17.6.33829.357
MinimumVisualStudioVersion = 10.0.40219.1
Project("{8BC9CEB8-8B4A-11D0-8D11-00A0C91BC942}") = "字符串", "字符串\字符串.vcxproj", "{A66DB2C9-2F5D-418F-89FB-202F68F5B475}"
EndProject
Global
	GlobalSection(SolutionConfigurationPlatforms) = preSolution
		Debug|x64 = Debug|x64
		Debug|x86 = Debug|x86
		Release|x64 = Release|x64
		Release|x86 = Release|x86
	EndGlobalSection
	GlobalSection(ProjectConfigurationPlatforms) = postSolution
		{A66DB2C9-2F5D-418F-89FB-202F68F5B475}.Debug|x64.ActiveCfg = Debug|x64
		{A66DB2C9-2F5D-418F-89FB-202F68F5B475}.Debug|x64.Build.0 = Debug|x64
		{A66DB2C9-2F5D-418F-89FB-202F68F5B475}.Debug|x86.ActiveCfg = Debug|Win32
		{A66DB2C9-2F5D-418F-89FB-202F68F5B475}.Debug|x86.Build.0 = Debug|Win32
		{A66DB2C9-2F5D-418F-89FB-202F68F5B475}.Release|x64.ActiveCfg = Release|x64
		{A66DB2C9-2F5D-418F-89FB-202F68F5B475}.Release|x64.Build.0 = Release|x64
		{A66DB2C9-2F5D-418F-89FB-202F68F5B475}.Release|x86.ActiveCfg = Release|Win32
		{A66DB2C9-2F5D-418F-89FB-202F68F5B475}.Release|x86.Build.0 = Release|Win32
	EndGlobalSection
	GlobalSection(SolutionProperties) = preSolution
		HideSolutionNode = FALSE
	EndGlobalSection
	GlobalSection(ExtensibilityGlobals) = postSolution
		SolutionGuid = {CF0C93A3-89F2-4E5F-8274-03BE0D0B8763}
	EndGlobalSection
EndGlobal
